// !$*UTF8*$!
{
	archiveVersion = 1;
	classes = {
	};
	objectVersion = 55;
	objects = {

/* Begin PBXBuildFile section */
		451A0DD22821479500D95129 /* Arc.swift in Sources */ = {isa = PBXBuildFile; fileRef = 451A0DD12821479500D95129 /* Arc.swift */; };
		451A0DD628214B9800D95129 /* PiChartView.swift in Sources */ = {isa = PBXBuildFile; fileRef = 451A0DD528214B9800D95129 /* PiChartView.swift */; };
		451A0DD82821565300D95129 /* PiChartData.swift in Sources */ = {isa = PBXBuildFile; fileRef = 451A0DD72821565300D95129 /* PiChartData.swift */; };
		457BE968282027F30076D34D /* EditActivityView.swift in Sources */ = {isa = PBXBuildFile; fileRef = 457BE967282027F30076D34D /* EditActivityView.swift */; };
		458275812821264000B4F603 /* ListDetailView.swift in Sources */ = {isa = PBXBuildFile; fileRef = 458275802821264000B4F603 /* ListDetailView.swift */; };
		45DD90392820144100572083 /* HabitsApp.swift in Sources */ = {isa = PBXBuildFile; fileRef = 45DD90382820144100572083 /* HabitsApp.swift */; };
		45DD903B2820144100572083 /* MainHabitView.swift in Sources */ = {isa = PBXBuildFile; fileRef = 45DD903A2820144100572083 /* MainHabitView.swift */; };
		45DD903D2820144200572083 /* Assets.xcassets in Resources */ = {isa = PBXBuildFile; fileRef = 45DD903C2820144200572083 /* Assets.xcassets */; };
		45DD90402820144200572083 /* Preview Assets.xcassets in Resources */ = {isa = PBXBuildFile; fileRef = 45DD903F2820144200572083 /* Preview Assets.xcassets */; };
		45DD90482820149200572083 /* Activity.swift in Sources */ = {isa = PBXBuildFile; fileRef = 45DD90472820149200572083 /* Activity.swift */; };
		45DD904C2820152C00572083 /* Activities.swift in Sources */ = {isa = PBXBuildFile; fileRef = 45DD904B2820152C00572083 /* Activities.swift */; };
		45DD904E2820188400572083 /* AddActivityView.swift in Sources */ = {isa = PBXBuildFile; fileRef = 45DD904D2820188400572083 /* AddActivityView.swift */; };
/* End PBXBuildFile section */

/* Begin PBXFileReference section */
		451A0DD12821479500D95129 /* Arc.swift */ = {isa = PBXFileReference; lastKnownFileType = sourcecode.swift; path = Arc.swift; sourceTree = "<group>"; };
		451A0DD528214B9800D95129 /* PiChartView.swift */ = {isa = PBXFileReference; lastKnownFileType = sourcecode.swift; path = PiChartView.swift; sourceTree = "<group>"; };
		451A0DD72821565300D95129 /* PiChartData.swift */ = {isa = PBXFileReference; lastKnownFileType = sourcecode.swift; path = PiChartData.swift; sourceTree = "<group>"; };
		457BE967282027F30076D34D /* EditActivityView.swift */ = {isa = PBXFileReference; lastKnownFileType = sourcecode.swift; path = EditActivityView.swift; sourceTree = "<group>"; };
		458275802821264000B4F603 /* ListDetailView.swift */ = {isa = PBXFileReference; lastKnownFileType = sourcecode.swift; path = ListDetailView.swift; sourceTree = "<group>"; };
		45DD90352820144100572083 /* Habits.app */ = {isa = PBXFileReference; explicitFileType = wrapper.application; includeInIndex = 0; path = Habits.app; sourceTree = BUILT_PRODUCTS_DIR; };
		45DD90382820144100572083 /* HabitsApp.swift */ = {isa = PBXFileReference; lastKnownFileType = sourcecode.swift; path = HabitsApp.swift; sourceTree = "<group>"; };
		45DD903A2820144100572083 /* MainHabitView.swift */ = {isa = PBXFileReference; lastKnownFileType = sourcecode.swift; path = MainHabitView.swift; sourceTree = "<group>"; };
		45DD903C2820144200572083 /* Assets.xcassets */ = {isa = PBXFileReference; lastKnownFileType = folder.assetcatalog; path = Assets.xcassets; sourceTree = "<group>"; };
		45DD903F2820144200572083 /* Preview Assets.xcassets */ = {isa = PBXFileReference; lastKnownFileType = folder.assetcatalog; path = "Preview Assets.xcassets"; sourceTree = "<group>"; };
		45DD90472820149200572083 /* Activity.swift */ = {isa = PBXFileReference; lastKnownFileType = sourcecode.swift; path = Activity.swift; sourceTree = "<group>"; };
		45DD904B2820152C00572083 /* Activities.swift */ = {isa = PBXFileReference; lastKnownFileType = sourcecode.swift; path = Activities.swift; sourceTree = "<group>"; };
		45DD904D2820188400572083 /* AddActivityView.swift */ = {isa = PBXFileReference; lastKnownFileType = sourcecode.swift; path = AddActivityView.swift; sourceTree = "<group>"; };
/* End PBXFileReference section */

/* Begin PBXFrameworksBuildPhase section */
		45DD90322820144100572083 /* Frameworks */ = {
			isa = PBXFrameworksBuildPhase;
			buildActionMask = 2147483647;
			files = (
			);
			runOnlyForDeploymentPostprocessing = 0;
		};
/* End PBXFrameworksBuildPhase section */

/* Begin PBXGroup section */
		451A0DD428214B8600D95129 /* Pi Chart */ = {
			isa = PBXGroup;
			children = (
				451A0DD12821479500D95129 /* Arc.swift */,
				451A0DD528214B9800D95129 /* PiChartView.swift */,
				451A0DD72821565300D95129 /* PiChartData.swift */,
			);
			path = "Pi Chart";
			sourceTree = "<group>";
		};
		45DD902C2820144100572083 = {
			isa = PBXGroup;
			children = (
				45DD90372820144100572083 /* Habits */,
				45DD90362820144100572083 /* Products */,
			);
			sourceTree = "<group>";
		};
		45DD90362820144100572083 /* Products */ = {
			isa = PBXGroup;
			children = (
				45DD90352820144100572083 /* Habits.app */,
			);
			name = Products;
			sourceTree = "<group>";
		};
		45DD90372820144100572083 /* Habits */ = {
			isa = PBXGroup;
			children = (
				45DD90382820144100572083 /* HabitsApp.swift */,
				451A0DD428214B8600D95129 /* Pi Chart */,
				45DD90462820148200572083 /* Model */,
				45DD904A2820150700572083 /* View */,
				45DD9049282014E300572083 /* ViewModel */,
				45DD903C2820144200572083 /* Assets.xcassets */,
				45DD903E2820144200572083 /* Preview Content */,
			);
			path = Habits;
			sourceTree = "<group>";
		};
		45DD903E2820144200572083 /* Preview Content */ = {
			isa = PBXGroup;
			children = (
				45DD903F2820144200572083 /* Preview Assets.xcassets */,
			);
			path = "Preview Content";
			sourceTree = "<group>";
		};
		45DD90462820148200572083 /* Model */ = {
			isa = PBXGroup;
			children = (
				45DD90472820149200572083 /* Activity.swift */,
			);
			path = Model;
			sourceTree = "<group>";
		};
		45DD9049282014E300572083 /* ViewModel */ = {
			isa = PBXGroup;
			children = (
				45DD904B2820152C00572083 /* Activities.swift */,
			);
			path = ViewModel;
			sourceTree = "<group>";
		};
		45DD904A2820150700572083 /* View */ = {
			isa = PBXGroup;
			children = (
				45DD903A2820144100572083 /* MainHabitView.swift */,
				458275802821264000B4F603 /* ListDetailView.swift */,
				45DD904D2820188400572083 /* AddActivityView.swift */,
				457BE967282027F30076D34D /* EditActivityView.swift */,
			);
			path = View;
			sourceTree = "<group>";
		};
/* End PBXGroup section */

/* Begin PBXNativeTarget section */
		45DD90342820144100572083 /* Habits */ = {
			isa = PBXNativeTarget;
			buildConfigurationList = 45DD90432820144200572083 /* Build configuration list for PBXNativeTarget "Habits" */;
			buildPhases = (
				45DD90312820144100572083 /* Sources */,
				45DD90322820144100572083 /* Frameworks */,
				45DD90332820144100572083 /* Resources */,
			);
			buildRules = (
			);
			dependencies = (
			);
			name = Habits;
			productName = Habits;
			productReference = 45DD90352820144100572083 /* Habits.app */;
			productType = "com.apple.product-type.application";
		};
/* End PBXNativeTarget section */

/* Begin PBXProject section */
		45DD902D2820144100572083 /* Project object */ = {
			isa = PBXProject;
			attributes = {
				BuildIndependentTargetsInParallel = 1;
				LastSwiftUpdateCheck = 1330;
				LastUpgradeCheck = 1330;
				TargetAttributes = {
					45DD90342820144100572083 = {
						CreatedOnToolsVersion = 13.3.1;
					};
				};
			};
			buildConfigurationList = 45DD90302820144100572083 /* Build configuration list for PBXProject "Habits" */;
			compatibilityVersion = "Xcode 13.0";
			developmentRegion = en;
			hasScannedForEncodings = 0;
			knownRegions = (
				en,
				Base,
			);
			mainGroup = 45DD902C2820144100572083;
			productRefGroup = 45DD90362820144100572083 /* Products */;
			projectDirPath = "";
			projectRoot = "";
			targets = (
				45DD90342820144100572083 /* Habits */,
			);
		};
/* End PBXProject section */

/* Begin PBXResourcesBuildPhase section */
		45DD90332820144100572083 /* Resources */ = {
			isa = PBXResourcesBuildPhase;
			buildActionMask = 2147483647;
			files = (
				45DD90402820144200572083 /* Preview Assets.xcassets in Resources */,
				45DD903D2820144200572083 /* Assets.xcassets in Resources */,
			);
			runOnlyForDeploymentPostprocessing = 0;
		};
/* End PBXResourcesBuildPhase section */

/* Begin PBXSourcesBuildPhase section */
		45DD90312820144100572083 /* Sources */ = {
			isa = PBXSourcesBuildPhase;
			buildActionMask = 2147483647;
			files = (
				451A0DD628214B9800D95129 /* PiChartView.swift in Sources */,
				451A0DD22821479500D95129 /* Arc.swift in Sources */,
				45DD904C2820152C00572083 /* Activities.swift in Sources */,
				45DD90482820149200572083 /* Activity.swift in Sources */,
				45DD903B2820144100572083 /* MainHabitView.swift in Sources */,
				451A0DD82821565300D95129 /* PiChartData.swift in Sources */,
				45DD90392820144100572083 /* HabitsApp.swift in Sources */,
				45DD904E2820188400572083 /* AddActivityView.swift in Sources */,
				457BE968282027F30076D34D /* EditActivityView.swift in Sources */,
				458275812821264000B4F603 /* ListDetailView.swift in Sources */,
			);
			runOnlyForDeploymentPostprocessing = 0;
		};
/* End PBXSourcesBuildPhase section */

/* Begin XCBuildConfiguration section */
		45DD90412820144200572083 /* Debug */ = {
			isa = XCBuildConfiguration;
			buildSettings = {
				ALWAYS_SEARCH_USER_PATHS = NO;
				CLANG_ANALYZER_NONNULL = YES;
				CLANG_ANALYZER_NUMBER_OBJECT_CONVERSION = YES_AGGRESSIVE;
				CLANG_CXX_LANGUAGE_STANDARD = "gnu++17";
				CLANG_ENABLE_MODULES = YES;
				CLANG_ENABLE_OBJC_ARC = YES;
				CLANG_ENABLE_OBJC_WEAK = YES;
				CLANG_WARN_BLOCK_CAPTURE_AUTORELEASING = YES;
				CLANG_WARN_BOOL_CONVERSION = YES;
				CLANG_WARN_COMMA = YES;
				CLANG_WARN_CONSTANT_CONVERSION = YES;
				CLANG_WARN_DEPRECATED_OBJC_IMPLEMENTATIONS = YES;
				CLANG_WARN_DIRECT_OBJC_ISA_USAGE = YES_ERROR;
				CLANG_WARN_DOCUMENTATION_COMMENTS = YES;
				CLANG_WARN_EMPTY_BODY = YES;
				CLANG_WARN_ENUM_CONVERSION = YES;
				CLANG_WARN_INFINITE_RECURSION = YES;
				CLANG_WARN_INT_CONVERSION = YES;
				CLANG_WARN_NON_LITERAL_NULL_CONVERSION = YES;
				CLANG_WARN_OBJC_IMPLICIT_RETAIN_SELF = YES;
				CLANG_WARN_OBJC_LITERAL_CONVERSION = YES;
				CLANG_WARN_OBJC_ROOT_CLASS = YES_ERROR;
				CLANG_WARN_QUOTED_INCLUDE_IN_FRAMEWORK_HEADER = YES;
				CLANG_WARN_RANGE_LOOP_ANALYSIS = YES;
				CLANG_WARN_STRICT_PROTOTYPES = YES;
				CLANG_WARN_SUSPICIOUS_MOVE = YES;
				CLANG_WARN_UNGUARDED_AVAILABILITY = YES_AGGRESSIVE;
				CLANG_WARN_UNREACHABLE_CODE = YES;
				CLANG_WARN__DUPLICATE_METHOD_MATCH = YES;
				COPY_PHASE_STRIP = NO;
				DEBUG_INFORMATION_FORMAT = dwarf;
				ENABLE_STRICT_OBJC_MSGSEND = YES;
				ENABLE_TESTABILITY = YES;
				GCC_C_LANGUAGE_STANDARD = gnu11;
				GCC_DYNAMIC_NO_PIC = NO;
				GCC_NO_COMMON_BLOCKS = YES;
				GCC_OPTIMIZATION_LEVEL = 0;
				GCC_PREPROCESSOR_DEFINITIONS = (
					"DEBUG=1",
					"$(inherited)",
				);
				GCC_WARN_64_TO_32_BIT_CONVERSION = YES;
				GCC_WARN_ABOUT_RETURN_TYPE = YES_ERROR;
				GCC_WARN_UNDECLARED_SELECTOR = YES;
				GCC_WARN_UNINITIALIZED_AUTOS = YES_AGGRESSIVE;
				GCC_WARN_UNUSED_FUNCTION = YES;
				GCC_WARN_UNUSED_VARIABLE = YES;
				IPHONEOS_DEPLOYMENT_TARGET = 15.4;
				MTL_ENABLE_DEBUG_INFO = INCLUDE_SOURCE;
				MTL_FAST_MATH = YES;
				ONLY_ACTIVE_ARCH = YES;
				SDKROOT = iphoneos;
				SWIFT_ACTIVE_COMPILATION_CONDITIONS = DEBUG;
				SWIFT_OPTIMIZATION_LEVEL = "-Onone";
			};
			name = Debug;
		};
		45DD90422820144200572083 /* Release */ = {
			isa = XCBuildConfiguration;
			buildSettings = {
				ALWAYS_SEARCH_USER_PATHS = NO;
				CLANG_ANALYZER_NONNULL = YES;
				CLANG_ANALYZER_NUMBER_OBJECT_CONVERSION = YES_AGGRESSIVE;
				CLANG_CXX_LANGUAGE_STANDARD = "gnu++17";
				CLANG_ENABLE_MODULES = YES;
				CLANG_ENABLE_OBJC_ARC = YES;
				CLANG_ENABLE_OBJC_WEAK = YES;
				CLANG_WARN_BLOCK_CAPTURE_AUTORELEASING = YES;
				CLANG_WARN_BOOL_CONVERSION = YES;
				CLANG_WARN_COMMA = YES;
				CLANG_WARN_CONSTANT_CONVERSION = YES;
				CLANG_WARN_DEPRECATED_OBJC_IMPLEMENTATIONS = YES;
				CLANG_WARN_DIRECT_OBJC_ISA_USAGE = YES_ERROR;
				CLANG_WARN_DOCUMENTATION_COMMENTS = YES;
				CLANG_WARN_EMPTY_BODY = YES;
				CLANG_WARN_ENUM_CONVERSION = YES;
				CLANG_WARN_INFINITE_RECURSION = YES;
				CLANG_WARN_INT_CONVERSION = YES;
				CLANG_WARN_NON_LITERAL_NULL_CONVERSION = YES;
				CLANG_WARN_OBJC_IMPLICIT_RETAIN_SELF = YES;
				CLANG_WARN_OBJC_LITERAL_CONVERSION = YES;
				CLANG_WARN_OBJC_ROOT_CLASS = YES_ERROR;
				CLANG_WARN_QUOTED_INCLUDE_IN_FRAMEWORK_HEADER = YES;
				CLANG_WARN_RANGE_LOOP_ANALYSIS = YES;
				CLANG_WARN_STRICT_PROTOTYPES = YES;
				CLANG_WARN_SUSPICIOUS_MOVE = YES;
				CLANG_WARN_UNGUARDED_AVAILABILITY = YES_AGGRESSIVE;
				CLANG_WARN_UNREACHABLE_CODE = YES;
				CLANG_WARN__DUPLICATE_METHOD_MATCH = YES;
				COPY_PHASE_STRIP = NO;
				DEBUG_INFORMATION_FORMAT = "dwarf-with-dsym";
				ENABLE_NS_ASSERTIONS = NO;
				ENABLE_STRICT_OBJC_MSGSEND = YES;
				GCC_C_LANGUAGE_STANDARD = gnu11;
				GCC_NO_COMMON_BLOCKS = YES;
				GCC_WARN_64_TO_32_BIT_CONVERSION = YES;
				GCC_WARN_ABOUT_RETURN_TYPE = YES_ERROR;
				GCC_WARN_UNDECLARED_SELECTOR = YES;
				GCC_WARN_UNINITIALIZED_AUTOS = YES_AGGRESSIVE;
				GCC_WARN_UNUSED_FUNCTION = YES;
				GCC_WARN_UNUSED_VARIABLE = YES;
				IPHONEOS_DEPLOYMENT_TARGET = 15.4;
				MTL_ENABLE_DEBUG_INFO = NO;
				MTL_FAST_MATH = YES;
				SDKROOT = iphoneos;
				SWIFT_COMPILATION_MODE = wholemodule;
				SWIFT_OPTIMIZATION_LEVEL = "-O";
				VALIDATE_PRODUCT = YES;
			};
			name = Release;
		};
		45DD90442820144200572083 /* Debug */ = {
			isa = XCBuildConfiguration;
			buildSettings = {
				ASSETCATALOG_COMPILER_APPICON_NAME = AppIcon;
				ASSETCATALOG_COMPILER_GLOBAL_ACCENT_COLOR_NAME = AccentColor;
				CODE_SIGN_STYLE = Automatic;
				CURRENT_PROJECT_VERSION = 1;
				DEVELOPMENT_ASSET_PATHS = "\"Habits/Preview Content\"";
				DEVELOPMENT_TEAM = 928Q5FMY5V;
				ENABLE_PREVIEWS = YES;
				GENERATE_INFOPLIST_FILE = YES;
				INFOPLIST_KEY_UIApplicationSceneManifest_Generation = YES;
				INFOPLIST_KEY_UIApplicationSupportsIndirectInputEvents = YES;
				INFOPLIST_KEY_UILaunchScreen_Generation = YES;
				INFOPLIST_KEY_UISupportedInterfaceOrientations_iPad = "UIInterfaceOrientationPortrait UIInterfaceOrientationPortraitUpsideDown UIInterfaceOrientationLandscapeLeft UIInterfaceOrientationLandscapeRight";
				INFOPLIST_KEY_UISupportedInterfaceOrientations_iPhone = "UIInterfaceOrientationPortrait UIInterfaceOrientationLandscapeLeft UIInterfaceOrientationLandscapeRight";
				LD_RUNPATH_SEARCH_PATHS = (
					"$(inherited)",
					"@executable_path/Frameworks",
				);
				MARKETING_VERSION = 1.0;
				PRODUCT_BUNDLE_IDENTIFIER = me.schatton.thomas.Habits;
				PRODUCT_NAME = "$(TARGET_NAME)";
				SWIFT_EMIT_LOC_STRINGS = YES;
				SWIFT_VERSION = 5.0;
				TARGETED_DEVICE_FAMILY = "1,2";
			};
			name = Debug;
		};
		45DD90452820144200572083 /* Release */ = {
			isa = XCBuildConfiguration;
			buildSettings = {
				ASSETCATALOG_COMPILER_APPICON_NAME = AppIcon;
				ASSETCATALOG_COMPILER_GLOBAL_ACCENT_COLOR_NAME = AccentColor;
				CODE_SIGN_STYLE = Automatic;
				CURRENT_PROJECT_VERSION = 1;
				DEVELOPMENT_ASSET_PATHS = "\"Habits/Preview Content\"";
				DEVELOPMENT_TEAM = 928Q5FMY5V;
				ENABLE_PREVIEWS = YES;
				GENERATE_INFOPLIST_FILE = YES;
				INFOPLIST_KEY_UIApplicationSceneManifest_Generation = YES;
				INFOPLIST_KEY_UIApplicationSupportsIndirectInputEvents = YES;
				INFOPLIST_KEY_UILaunchScreen_Generation = YES;
				INFOPLIST_KEY_UISupportedInterfaceOrientations_iPad = "UIInterfaceOrientationPortrait UIInterfaceOrientationPortraitUpsideDown UIInterfaceOrientationLandscapeLeft UIInterfaceOrientationLandscapeRight";
				INFOPLIST_KEY_UISupportedInterfaceOrientations_iPhone = "UIInterfaceOrientationPortrait UIInterfaceOrientationLandscapeLeft UIInterfaceOrientationLandscapeRight";
				LD_RUNPATH_SEARCH_PATHS = (
					"$(inherited)",
					"@executable_path/Frameworks",
				);
				MARKETING_VERSION = 1.0;
				PRODUCT_BUNDLE_IDENTIFIER = me.schatton.thomas.Habits;
				PRODUCT_NAME = "$(TARGET_NAME)";
				SWIFT_EMIT_LOC_STRINGS = YES;
				SWIFT_VERSION = 5.0;
				TARGETED_DEVICE_FAMILY = "1,2";
			};
			name = Release;
		};
/* End XCBuildConfiguration section */

/* Begin XCConfigurationList section */
		45DD90302820144100572083 /* Build configuration list for PBXProject "Habits" */ = {
			isa = XCConfigurationList;
			buildConfigurations = (
				45DD90412820144200572083 /* Debug */,
				45DD90422820144200572083 /* Release */,
			);
			defaultConfigurationIsVisible = 0;
			defaultConfigurationName = Release;
		};
		45DD90432820144200572083 /* Build configuration list for PBXNativeTarget "Habits" */ = {
			isa = XCConfigurationList;
			buildConfigurations = (
				45DD90442820144200572083 /* Debug */,
				45DD90452820144200572083 /* Release */,
			);
			defaultConfigurationIsVisible = 0;
			defaultConfigurationName = Release;
		};
/* End XCConfigurationList section */
	};
	rootObject = 45DD902D2820144100572083 /* Project object */;
}
